
Microsoft Visual Studio Solution File, Format Version 12.00
# Visual Studio Version 17
VisualStudioVersion = 17.9.34728.123
MinimumVisualStudioVersion = 10.0.40219.1
Project("{FAE04EC0-301F-11D3-BF4B-00C04F79EFBC}") = "CustomerFeedbackManagementSystem", "CustomerFeedbackManagementSystem\CustomerFeedbackManagementSystem.csproj", "{E75B7F21-36D4-49D7-AD26-A041CB845273}"
EndProject
Global
	GlobalSection(SolutionConfigurationPlatforms) = preSolution
		Debug|Any CPU = Debug|Any CPU
		Release|Any CPU = Release|Any CPU
	EndGlobalSection
	GlobalSection(ProjectConfigurationPlatforms) = postSolution
		{E75B7F21-36D4-49D7-AD26-A041CB845273}.Debug|Any CPU.ActiveCfg = Debug|Any CPU
		{E75B7F21-36D4-49D7-AD26-A041CB845273}.Debug|Any CPU.Build.0 = Debug|Any CPU
		{E75B7F21-36D4-49D7-AD26-A041CB845273}.Release|Any CPU.ActiveCfg = Release|Any CPU
		{E75B7F21-36D4-49D7-AD26-A041CB845273}.Release|Any CPU.Build.0 = Release|Any CPU
	EndGlobalSection
	GlobalSection(SolutionProperties) = preSolution
		HideSolutionNode = FALSE
	EndGlobalSection
	GlobalSection(ExtensibilityGlobals) = postSolution
		SolutionGuid = {12767674-C549-4CDA-A9A5-AE067E2CCFE0}
	EndGlobalSection
EndGlobal
